
Microsoft Visual Studio Solution File, Format Version 12.00
# Visual Studio Version 16
VisualStudioVersion = 16.0.31205.134
MinimumVisualStudioVersion = 10.0.40219.1
Project("{FAE04EC0-301F-11D3-BF4B-00C04F79EFBC}") = "LogManager", "LogManager\LogManager.csproj", "{641B0884-4540-482E-86DF-ABB7B6F9830A}"
EndProject
Global
	GlobalSection(SolutionConfigurationPlatforms) = preSolution
		Debug|Any CPU = Debug|Any CPU
		Release|Any CPU = Release|Any CPU
	EndGlobalSection
	GlobalSection(ProjectConfigurationPlatforms) = postSolution
		{641B0884-4540-482E-86DF-ABB7B6F9830A}.Debug|Any CPU.ActiveCfg = Debug|Any CPU
		{641B0884-4540-482E-86DF-ABB7B6F9830A}.Debug|Any CPU.Build.0 = Debug|Any CPU
		{641B0884-4540-482E-86DF-ABB7B6F9830A}.Release|Any CPU.ActiveCfg = Release|Any CPU
		{641B0884-4540-482E-86DF-ABB7B6F9830A}.Release|Any CPU.Build.0 = Release|Any CPU
	EndGlobalSection
	GlobalSection(SolutionProperties) = preSolution
		HideSolutionNode = FALSE
	EndGlobalSection
	GlobalSection(ExtensibilityGlobals) = postSolution
		SolutionGuid = {68A17ED4-B189-4282-993F-622B1ECF2C20}
	EndGlobalSection
EndGlobal
